
Microsoft Visual Studio Solution File, Format Version 12.00
# Visual Studio Version 17
VisualStudioVersion = 17.9.34723.18
MinimumVisualStudioVersion = 10.0.40219.1
Project("{FAE04EC0-301F-11D3-BF4B-00C04F79EFBC}") = "SportsResults.Dejmenek", "SportsResults.Dejmenek.csproj", "{0DD84543-5DD1-444C-8798-764DA78F27F9}"
EndProject
Global
	GlobalSection(SolutionConfigurationPlatforms) = preSolution
		Debug|Any CPU = Debug|Any CPU
		Release|Any CPU = Release|Any CPU
	EndGlobalSection
	GlobalSection(ProjectConfigurationPlatforms) = postSolution
		{0DD84543-5DD1-444C-8798-764DA78F27F9}.Debug|Any CPU.ActiveCfg = Debug|Any CPU
		{0DD84543-5DD1-444C-8798-764DA78F27F9}.Debug|Any CPU.Build.0 = Debug|Any CPU
		{0DD84543-5DD1-444C-8798-764DA78F27F9}.Release|Any CPU.ActiveCfg = Release|Any CPU
		{0DD84543-5DD1-444C-8798-764DA78F27F9}.Release|Any CPU.Build.0 = Release|Any CPU
	EndGlobalSection
	GlobalSection(SolutionProperties) = preSolution
		HideSolutionNode = FALSE
	EndGlobalSection
	GlobalSection(ExtensibilityGlobals) = postSolution
		SolutionGuid = {347424E4-BB10-4904-BC12-9F8CCDD344AD}
	EndGlobalSection
EndGlobal
