
Microsoft Visual Studio Solution File, Format Version 12.00
# Visual Studio Version 17
VisualStudioVersion = 17.5.002.0
MinimumVisualStudioVersion = 10.0.40219.1
Project("{9A19103F-16F7-4668-BE54-9A1E7A4F7556}") = "EmailSenderLib", "EmailSenderLib.csproj", "{29E90D85-277B-402E-A24B-14804168A6EE}"
EndProject
Global
	GlobalSection(SolutionConfigurationPlatforms) = preSolution
		Debug|Any CPU = Debug|Any CPU
		Release|Any CPU = Release|Any CPU
	EndGlobalSection
	GlobalSection(ProjectConfigurationPlatforms) = postSolution
		{29E90D85-277B-402E-A24B-14804168A6EE}.Debug|Any CPU.ActiveCfg = Debug|Any CPU
		{29E90D85-277B-402E-A24B-14804168A6EE}.Debug|Any CPU.Build.0 = Debug|Any CPU
		{29E90D85-277B-402E-A24B-14804168A6EE}.Release|Any CPU.ActiveCfg = Release|Any CPU
		{29E90D85-277B-402E-A24B-14804168A6EE}.Release|Any CPU.Build.0 = Release|Any CPU
	EndGlobalSection
	GlobalSection(SolutionProperties) = preSolution
		HideSolutionNode = FALSE
	EndGlobalSection
	GlobalSection(ExtensibilityGlobals) = postSolution
		SolutionGuid = {A69FF826-D905-48F4-B241-D240D56E04EF}
	EndGlobalSection
EndGlobal
