
Microsoft Visual Studio Solution File, Format Version 12.00
# Visual Studio Version 17
VisualStudioVersion = 17.11.35312.102
MinimumVisualStudioVersion = 10.0.40219.1
Project("{9A19103F-16F7-4668-BE54-9A1E7A4F7556}") = "SportsNotifier", "SportsNotifierWorkerService\SportsNotifier.csproj", "{B307A9E2-2BD4-4AF7-82F5-4541A3159E4F}"
EndProject
Global
	GlobalSection(SolutionConfigurationPlatforms) = preSolution
		Debug|Any CPU = Debug|Any CPU
		Release|Any CPU = Release|Any CPU
	EndGlobalSection
	GlobalSection(ProjectConfigurationPlatforms) = postSolution
		{B307A9E2-2BD4-4AF7-82F5-4541A3159E4F}.Debug|Any CPU.ActiveCfg = Debug|Any CPU
		{B307A9E2-2BD4-4AF7-82F5-4541A3159E4F}.Debug|Any CPU.Build.0 = Debug|Any CPU
		{B307A9E2-2BD4-4AF7-82F5-4541A3159E4F}.Release|Any CPU.ActiveCfg = Release|Any CPU
		{B307A9E2-2BD4-4AF7-82F5-4541A3159E4F}.Release|Any CPU.Build.0 = Release|Any CPU
	EndGlobalSection
	GlobalSection(SolutionProperties) = preSolution
		HideSolutionNode = FALSE
	EndGlobalSection
	GlobalSection(ExtensibilityGlobals) = postSolution
		SolutionGuid = {CE2F539E-BA13-4ABC-8895-B40155321417}
	EndGlobalSection
EndGlobal
