
Microsoft Visual Studio Solution File, Format Version 12.00
# Visual Studio Version 17
VisualStudioVersion = 17.8.34525.116
MinimumVisualStudioVersion = 10.0.40219.1
Project("{FAE04EC0-301F-11D3-BF4B-00C04F79EFBC}") = "SportsResults.StanimalTheMan", "SportsResults.StanimalTheMan\SportsResults.StanimalTheMan.csproj", "{3DA775DA-7B6A-4FDA-8D01-A17BEAA281A1}"
EndProject
Global
	GlobalSection(SolutionConfigurationPlatforms) = preSolution
		Debug|Any CPU = Debug|Any CPU
		Release|Any CPU = Release|Any CPU
	EndGlobalSection
	GlobalSection(ProjectConfigurationPlatforms) = postSolution
		{3DA775DA-7B6A-4FDA-8D01-A17BEAA281A1}.Debug|Any CPU.ActiveCfg = Debug|Any CPU
		{3DA775DA-7B6A-4FDA-8D01-A17BEAA281A1}.Debug|Any CPU.Build.0 = Debug|Any CPU
		{3DA775DA-7B6A-4FDA-8D01-A17BEAA281A1}.Release|Any CPU.ActiveCfg = Release|Any CPU
		{3DA775DA-7B6A-4FDA-8D01-A17BEAA281A1}.Release|Any CPU.Build.0 = Release|Any CPU
	EndGlobalSection
	GlobalSection(SolutionProperties) = preSolution
		HideSolutionNode = FALSE
	EndGlobalSection
	GlobalSection(ExtensibilityGlobals) = postSolution
		SolutionGuid = {0ED1FB91-6E89-47F9-AB6E-6B608C2BF56C}
	EndGlobalSection
EndGlobal
