
Microsoft Visual Studio Solution File, Format Version 12.00
# Visual Studio Version 17
VisualStudioVersion = 17.14.36221.1 d17.14
MinimumVisualStudioVersion = 10.0.40219.1
Project("{FAE04EC0-301F-11D3-BF4B-00C04F79EFBC}") = "SportsResultsNotifier", "SportsResultsNotifier.csproj", "{5CF98678-54A4-40D5-9505-A74F5D13AB61}"
EndProject
Global
	GlobalSection(SolutionConfigurationPlatforms) = preSolution
		Debug|Any CPU = Debug|Any CPU
		Release|Any CPU = Release|Any CPU
	EndGlobalSection
	GlobalSection(ProjectConfigurationPlatforms) = postSolution
		{5CF98678-54A4-40D5-9505-A74F5D13AB61}.Debug|Any CPU.ActiveCfg = Debug|Any CPU
		{5CF98678-54A4-40D5-9505-A74F5D13AB61}.Debug|Any CPU.Build.0 = Debug|Any CPU
		{5CF98678-54A4-40D5-9505-A74F5D13AB61}.Release|Any CPU.ActiveCfg = Release|Any CPU
		{5CF98678-54A4-40D5-9505-A74F5D13AB61}.Release|Any CPU.Build.0 = Release|Any CPU
	EndGlobalSection
	GlobalSection(SolutionProperties) = preSolution
		HideSolutionNode = FALSE
	EndGlobalSection
	GlobalSection(ExtensibilityGlobals) = postSolution
		SolutionGuid = {788229E8-F9C0-42BE-8BAD-E2545BB6DE42}
	EndGlobalSection
EndGlobal
