
Microsoft Visual Studio Solution File, Format Version 12.00
# Visual Studio Version 17
VisualStudioVersion = 17.0.31903.59
MinimumVisualStudioVersion = 10.0.40219.1
Project("{FAE04EC0-301F-11D3-BF4B-00C04F79EFBC}") = "SportsResults.K-MYR", "SportsResults.K-MYR\SportsResults.K-MYR.csproj", "{8429BEFF-31D3-4962-9D6A-3BC3F17BB376}"
EndProject
Global
	GlobalSection(SolutionConfigurationPlatforms) = preSolution
		Debug|Any CPU = Debug|Any CPU
		Release|Any CPU = Release|Any CPU
	EndGlobalSection
	GlobalSection(SolutionProperties) = preSolution
		HideSolutionNode = FALSE
	EndGlobalSection
	GlobalSection(ProjectConfigurationPlatforms) = postSolution
		{8429BEFF-31D3-4962-9D6A-3BC3F17BB376}.Debug|Any CPU.ActiveCfg = Debug|Any CPU
		{8429BEFF-31D3-4962-9D6A-3BC3F17BB376}.Debug|Any CPU.Build.0 = Debug|Any CPU
		{8429BEFF-31D3-4962-9D6A-3BC3F17BB376}.Release|Any CPU.ActiveCfg = Release|Any CPU
		{8429BEFF-31D3-4962-9D6A-3BC3F17BB376}.Release|Any CPU.Build.0 = Release|Any CPU
	EndGlobalSection
EndGlobal
