
Microsoft Visual Studio Solution File, Format Version 12.00
# Visual Studio Version 17
VisualStudioVersion = 17.5.002.0
MinimumVisualStudioVersion = 10.0.40219.1
Project("{9A19103F-16F7-4668-BE54-9A1E7A4F7556}") = "SportsResults", "SportsResults\SportsResults.csproj", "{5CE04DE8-2DBC-4B80-90D5-6BEDD8914612}"
EndProject
Global
	GlobalSection(SolutionConfigurationPlatforms) = preSolution
		Debug|Any CPU = Debug|Any CPU
		Release|Any CPU = Release|Any CPU
	EndGlobalSection
	GlobalSection(ProjectConfigurationPlatforms) = postSolution
		{5CE04DE8-2DBC-4B80-90D5-6BEDD8914612}.Debug|Any CPU.ActiveCfg = Debug|Any CPU
		{5CE04DE8-2DBC-4B80-90D5-6BEDD8914612}.Debug|Any CPU.Build.0 = Debug|Any CPU
		{5CE04DE8-2DBC-4B80-90D5-6BEDD8914612}.Release|Any CPU.ActiveCfg = Release|Any CPU
		{5CE04DE8-2DBC-4B80-90D5-6BEDD8914612}.Release|Any CPU.Build.0 = Release|Any CPU
	EndGlobalSection
	GlobalSection(SolutionProperties) = preSolution
		HideSolutionNode = FALSE
	EndGlobalSection
	GlobalSection(ExtensibilityGlobals) = postSolution
		SolutionGuid = {591C0738-F4FD-4CC5-A976-6396FBDC23FB}
	EndGlobalSection
EndGlobal
