
Microsoft Visual Studio Solution File, Format Version 12.00
# Visual Studio Version 17
VisualStudioVersion = 17.9.34714.143
MinimumVisualStudioVersion = 10.0.40219.1
Project("{FAE04EC0-301F-11D3-BF4B-00C04F79EFBC}") = "SportsResults.frockett", "SportsResults.frockett\SportsResults.frockett.csproj", "{040B95AB-EAD9-4048-8823-E3FEF7E698FD}"
EndProject
Global
	GlobalSection(SolutionConfigurationPlatforms) = preSolution
		Debug|Any CPU = Debug|Any CPU
		Release|Any CPU = Release|Any CPU
	EndGlobalSection
	GlobalSection(ProjectConfigurationPlatforms) = postSolution
		{040B95AB-EAD9-4048-8823-E3FEF7E698FD}.Debug|Any CPU.ActiveCfg = Debug|Any CPU
		{040B95AB-EAD9-4048-8823-E3FEF7E698FD}.Debug|Any CPU.Build.0 = Debug|Any CPU
		{040B95AB-EAD9-4048-8823-E3FEF7E698FD}.Release|Any CPU.ActiveCfg = Release|Any CPU
		{040B95AB-EAD9-4048-8823-E3FEF7E698FD}.Release|Any CPU.Build.0 = Release|Any CPU
	EndGlobalSection
	GlobalSection(SolutionProperties) = preSolution
		HideSolutionNode = FALSE
	EndGlobalSection
	GlobalSection(ExtensibilityGlobals) = postSolution
		SolutionGuid = {50F55E26-3EE6-49F8-A908-68A7C39EDD61}
	EndGlobalSection
EndGlobal
