
Microsoft Visual Studio Solution File, Format Version 12.00
# Visual Studio Version 17
VisualStudioVersion = 17.12.35707.178 d17.12
MinimumVisualStudioVersion = 10.0.40219.1
Project("{FAE04EC0-301F-11D3-BF4B-00C04F79EFBC}") = "SportsResultsService", "SportsResultsService\SportsResultsService.csproj", "{00872CE4-4BE9-47E1-B43E-0CDC39067580}"
EndProject
Global
	GlobalSection(SolutionConfigurationPlatforms) = preSolution
		Debug|Any CPU = Debug|Any CPU
		Release|Any CPU = Release|Any CPU
	EndGlobalSection
	GlobalSection(ProjectConfigurationPlatforms) = postSolution
		{00872CE4-4BE9-47E1-B43E-0CDC39067580}.Debug|Any CPU.ActiveCfg = Debug|Any CPU
		{00872CE4-4BE9-47E1-B43E-0CDC39067580}.Debug|Any CPU.Build.0 = Debug|Any CPU
		{00872CE4-4BE9-47E1-B43E-0CDC39067580}.Release|Any CPU.ActiveCfg = Release|Any CPU
		{00872CE4-4BE9-47E1-B43E-0CDC39067580}.Release|Any CPU.Build.0 = Release|Any CPU
	EndGlobalSection
	GlobalSection(SolutionProperties) = preSolution
		HideSolutionNode = FALSE
	EndGlobalSection
EndGlobal
